
Microsoft Visual Studio Solution File, Format Version 12.00
# Visual Studio Version 17
VisualStudioVersion = 17.0.32112.339
MinimumVisualStudioVersion = 10.0.40219.1
Project("{9A19103F-16F7-4668-BE54-9A1E7A4F7556}") = "Atomex.Client.Core", "Atomex.Client.Core\Atomex.Client.Core.csproj", "{FE561137-2416-42F2-88AF-86CBD578F6F0}"
EndProject
Project("{9A19103F-16F7-4668-BE54-9A1E7A4F7556}") = "Atomex.Client.Core.Tests", "Atomex.Client.Core.Tests\Atomex.Client.Core.Tests.csproj", "{F37C962A-1D73-42A7-B1D4-87293B350E5B}"
EndProject
Project("{9A19103F-16F7-4668-BE54-9A1E7A4F7556}") = "Atomex.TzktEvents", "Atomex.TzktEvents\Atomex.TzktEvents.csproj", "{195BA9D3-86DD-4A2B-9072-70B9479B66A7}"
EndProject
Project("{9A19103F-16F7-4668-BE54-9A1E7A4F7556}") = "Atomex.Cryptography", "Atomex.Cryptography\Atomex.Cryptography.csproj", "{08D0B06C-2F07-40BF-A698-18D81724E132}"
EndProject
Project("{9A19103F-16F7-4668-BE54-9A1E7A4F7556}") = "Atomex.Wallets", "Atomex.Wallets\Atomex.Wallets.csproj", "{10282AA4-DD24-454E-AF08-032133AA9909}"
EndProject
Project("{9A19103F-16F7-4668-BE54-9A1E7A4F7556}") = "Atomex.Wallets.Bitcoin", "Atomex.Wallets.Bitcoin\Atomex.Wallets.Bitcoin.csproj", "{52687507-508D-4739-8E07-B6EE9E406959}"
EndProject
Project("{9A19103F-16F7-4668-BE54-9A1E7A4F7556}") = "Atomex.Common", "Atomex.Common\Atomex.Common.csproj", "{79679F66-2573-4196-A2A8-4734CA5532B5}"
EndProject
Project("{9A19103F-16F7-4668-BE54-9A1E7A4F7556}") = "Atomex.Wallets.Ethereum", "Atomex.Wallets.Ethereum\Atomex.Wallets.Ethereum.csproj", "{8EB8FD4F-D904-4862-8A8A-6996B4A0DCC6}"
EndProject
Project("{9A19103F-16F7-4668-BE54-9A1E7A4F7556}") = "Atomex.Wallets.Tezos", "Atomex.Wallets.Tezos\Atomex.Wallets.Tezos.csproj", "{5626DF41-8C15-4DE7-85A4-CDF04D1A5500}"
EndProject
Global
	GlobalSection(SolutionConfigurationPlatforms) = preSolution
		Debug|Any CPU = Debug|Any CPU
		Debug|x64 = Debug|x64
		Debug|x86 = Debug|x86
		Release|Any CPU = Release|Any CPU
		Release|x64 = Release|x64
		Release|x86 = Release|x86
	EndGlobalSection
	GlobalSection(ProjectConfigurationPlatforms) = postSolution
		{FE561137-2416-42F2-88AF-86CBD578F6F0}.Debug|Any CPU.ActiveCfg = Debug|Any CPU
		{FE561137-2416-42F2-88AF-86CBD578F6F0}.Debug|Any CPU.Build.0 = Debug|Any CPU
		{FE561137-2416-42F2-88AF-86CBD578F6F0}.Debug|x64.ActiveCfg = Debug|Any CPU
		{FE561137-2416-42F2-88AF-86CBD578F6F0}.Debug|x64.Build.0 = Debug|Any CPU
		{FE561137-2416-42F2-88AF-86CBD578F6F0}.Debug|x86.ActiveCfg = Debug|Any CPU
		{FE561137-2416-42F2-88AF-86CBD578F6F0}.Debug|x86.Build.0 = Debug|Any CPU
		{FE561137-2416-42F2-88AF-86CBD578F6F0}.Release|Any CPU.ActiveCfg = Release|Any CPU
		{FE561137-2416-42F2-88AF-86CBD578F6F0}.Release|Any CPU.Build.0 = Release|Any CPU
		{FE561137-2416-42F2-88AF-86CBD578F6F0}.Release|x64.ActiveCfg = Release|Any CPU
		{FE561137-2416-42F2-88AF-86CBD578F6F0}.Release|x64.Build.0 = Release|Any CPU
		{FE561137-2416-42F2-88AF-86CBD578F6F0}.Release|x86.ActiveCfg = Release|Any CPU
		{FE561137-2416-42F2-88AF-86CBD578F6F0}.Release|x86.Build.0 = Release|Any CPU
		{F37C962A-1D73-42A7-B1D4-87293B350E5B}.Debug|Any CPU.ActiveCfg = Debug|Any CPU
		{F37C962A-1D73-42A7-B1D4-87293B350E5B}.Debug|Any CPU.Build.0 = Debug|Any CPU
		{F37C962A-1D73-42A7-B1D4-87293B350E5B}.Debug|x64.ActiveCfg = Debug|Any CPU
		{F37C962A-1D73-42A7-B1D4-87293B350E5B}.Debug|x64.Build.0 = Debug|Any CPU
		{F37C962A-1D73-42A7-B1D4-87293B350E5B}.Debug|x86.ActiveCfg = Debug|Any CPU
		{F37C962A-1D73-42A7-B1D4-87293B350E5B}.Debug|x86.Build.0 = Debug|Any CPU
		{F37C962A-1D73-42A7-B1D4-87293B350E5B}.Release|Any CPU.ActiveCfg = Release|Any CPU
		{F37C962A-1D73-42A7-B1D4-87293B350E5B}.Release|Any CPU.Build.0 = Release|Any CPU
		{F37C962A-1D73-42A7-B1D4-87293B350E5B}.Release|x64.ActiveCfg = Release|Any CPU
		{F37C962A-1D73-42A7-B1D4-87293B350E5B}.Release|x64.Build.0 = Release|Any CPU
		{F37C962A-1D73-42A7-B1D4-87293B350E5B}.Release|x86.ActiveCfg = Release|Any CPU
		{F37C962A-1D73-42A7-B1D4-87293B350E5B}.Release|x86.Build.0 = Release|Any CPU
		{195BA9D3-86DD-4A2B-9072-70B9479B66A7}.Debug|Any CPU.ActiveCfg = Debug|Any CPU
		{195BA9D3-86DD-4A2B-9072-70B9479B66A7}.Debug|Any CPU.Build.0 = Debug|Any CPU
		{195BA9D3-86DD-4A2B-9072-70B9479B66A7}.Debug|x64.ActiveCfg = Debug|Any CPU
		{195BA9D3-86DD-4A2B-9072-70B9479B66A7}.Debug|x64.Build.0 = Debug|Any CPU
		{195BA9D3-86DD-4A2B-9072-70B9479B66A7}.Debug|x86.ActiveCfg = Debug|Any CPU
		{195BA9D3-86DD-4A2B-9072-70B9479B66A7}.Debug|x86.Build.0 = Debug|Any CPU
		{195BA9D3-86DD-4A2B-9072-70B9479B66A7}.Release|Any CPU.ActiveCfg = Release|Any CPU
		{195BA9D3-86DD-4A2B-9072-70B9479B66A7}.Release|Any CPU.Build.0 = Release|Any CPU
		{195BA9D3-86DD-4A2B-9072-70B9479B66A7}.Release|x64.ActiveCfg = Release|Any CPU
		{195BA9D3-86DD-4A2B-9072-70B9479B66A7}.Release|x64.Build.0 = Release|Any CPU
		{195BA9D3-86DD-4A2B-9072-70B9479B66A7}.Release|x86.ActiveCfg = Release|Any CPU
		{195BA9D3-86DD-4A2B-9072-70B9479B66A7}.Release|x86.Build.0 = Release|Any CPU
		{08D0B06C-2F07-40BF-A698-18D81724E132}.Debug|Any CPU.ActiveCfg = Debug|Any CPU
		{08D0B06C-2F07-40BF-A698-18D81724E132}.Debug|Any CPU.Build.0 = Debug|Any CPU
		{08D0B06C-2F07-40BF-A698-18D81724E132}.Debug|x64.ActiveCfg = Debug|Any CPU
		{08D0B06C-2F07-40BF-A698-18D81724E132}.Debug|x64.Build.0 = Debug|Any CPU
		{08D0B06C-2F07-40BF-A698-18D81724E132}.Debug|x86.ActiveCfg = Debug|Any CPU
		{08D0B06C-2F07-40BF-A698-18D81724E132}.Debug|x86.Build.0 = Debug|Any CPU
		{08D0B06C-2F07-40BF-A698-18D81724E132}.Release|Any CPU.ActiveCfg = Release|Any CPU
		{08D0B06C-2F07-40BF-A698-18D81724E132}.Release|Any CPU.Build.0 = Release|Any CPU
		{08D0B06C-2F07-40BF-A698-18D81724E132}.Release|x64.ActiveCfg = Release|Any CPU
		{08D0B06C-2F07-40BF-A698-18D81724E132}.Release|x64.Build.0 = Release|Any CPU
		{08D0B06C-2F07-40BF-A698-18D81724E132}.Release|x86.ActiveCfg = Release|Any CPU
		{08D0B06C-2F07-40BF-A698-18D81724E132}.Release|x86.Build.0 = Release|Any CPU
		{10282AA4-DD24-454E-AF08-032133AA9909}.Debug|Any CPU.ActiveCfg = Debug|Any CPU
		{10282AA4-DD24-454E-AF08-032133AA9909}.Debug|Any CPU.Build.0 = Debug|Any CPU
		{10282AA4-DD24-454E-AF08-032133AA9909}.Debug|x64.ActiveCfg = Debug|Any CPU
		{10282AA4-DD24-454E-AF08-032133AA9909}.Debug|x64.Build.0 = Debug|Any CPU
		{10282AA4-DD24-454E-AF08-032133AA9909}.Debug|x86.ActiveCfg = Debug|Any CPU
		{10282AA4-DD24-454E-AF08-032133AA9909}.Debug|x86.Build.0 = Debug|Any CPU
		{10282AA4-DD24-454E-AF08-032133AA9909}.Release|Any CPU.ActiveCfg = Release|Any CPU
		{10282AA4-DD24-454E-AF08-032133AA9909}.Release|Any CPU.Build.0 = Release|Any CPU
		{10282AA4-DD24-454E-AF08-032133AA9909}.Release|x64.ActiveCfg = Release|Any CPU
		{10282AA4-DD24-454E-AF08-032133AA9909}.Release|x64.Build.0 = Release|Any CPU
		{10282AA4-DD24-454E-AF08-032133AA9909}.Release|x86.ActiveCfg = Release|Any CPU
		{10282AA4-DD24-454E-AF08-032133AA9909}.Release|x86.Build.0 = Release|Any CPU
		{52687507-508D-4739-8E07-B6EE9E406959}.Debug|Any CPU.ActiveCfg = Debug|Any CPU
		{52687507-508D-4739-8E07-B6EE9E406959}.Debug|Any CPU.Build.0 = Debug|Any CPU
		{52687507-508D-4739-8E07-B6EE9E406959}.Debug|x64.ActiveCfg = Debug|Any CPU
		{52687507-508D-4739-8E07-B6EE9E406959}.Debug|x64.Build.0 = Debug|Any CPU
		{52687507-508D-4739-8E07-B6EE9E406959}.Debug|x86.ActiveCfg = Debug|Any CPU
		{52687507-508D-4739-8E07-B6EE9E406959}.Debug|x86.Build.0 = Debug|Any CPU
		{52687507-508D-4739-8E07-B6EE9E406959}.Release|Any CPU.ActiveCfg = Release|Any CPU
		{52687507-508D-4739-8E07-B6EE9E406959}.Release|Any CPU.Build.0 = Release|Any CPU
		{52687507-508D-4739-8E07-B6EE9E406959}.Release|x64.ActiveCfg = Release|Any CPU
		{52687507-508D-4739-8E07-B6EE9E406959}.Release|x64.Build.0 = Release|Any CPU
		{52687507-508D-4739-8E07-B6EE9E406959}.Release|x86.ActiveCfg = Release|Any CPU
		{52687507-508D-4739-8E07-B6EE9E406959}.Release|x86.Build.0 = Release|Any CPU
		{79679F66-2573-4196-A2A8-4734CA5532B5}.Debug|Any CPU.ActiveCfg = Debug|Any CPU
		{79679F66-2573-4196-A2A8-4734CA5532B5}.Debug|Any CPU.Build.0 = Debug|Any CPU
		{79679F66-2573-4196-A2A8-4734CA5532B5}.Debug|x64.ActiveCfg = Debug|Any CPU
		{79679F66-2573-4196-A2A8-4734CA5532B5}.Debug|x64.Build.0 = Debug|Any CPU
		{79679F66-2573-4196-A2A8-4734CA5532B5}.Debug|x86.ActiveCfg = Debug|Any CPU
		{79679F66-2573-4196-A2A8-4734CA5532B5}.Debug|x86.Build.0 = Debug|Any CPU
		{79679F66-2573-4196-A2A8-4734CA5532B5}.Release|Any CPU.ActiveCfg = Release|Any CPU
		{79679F66-2573-4196-A2A8-4734CA5532B5}.Release|Any CPU.Build.0 = Release|Any CPU
		{79679F66-2573-4196-A2A8-4734CA5532B5}.Release|x64.ActiveCfg = Release|Any CPU
		{79679F66-2573-4196-A2A8-4734CA5532B5}.Release|x64.Build.0 = Release|Any CPU
		{79679F66-2573-4196-A2A8-4734CA5532B5}.Release|x86.ActiveCfg = Release|Any CPU
		{79679F66-2573-4196-A2A8-4734CA5532B5}.Release|x86.Build.0 = Release|Any CPU
		{8EB8FD4F-D904-4862-8A8A-6996B4A0DCC6}.Debug|Any CPU.ActiveCfg = Debug|Any CPU
		{8EB8FD4F-D904-4862-8A8A-6996B4A0DCC6}.Debug|Any CPU.Build.0 = Debug|Any CPU
		{8EB8FD4F-D904-4862-8A8A-6996B4A0DCC6}.Debug|x64.ActiveCfg = Debug|Any CPU
		{8EB8FD4F-D904-4862-8A8A-6996B4A0DCC6}.Debug|x64.Build.0 = Debug|Any CPU
		{8EB8FD4F-D904-4862-8A8A-6996B4A0DCC6}.Debug|x86.ActiveCfg = Debug|Any CPU
		{8EB8FD4F-D904-4862-8A8A-6996B4A0DCC6}.Debug|x86.Build.0 = Debug|Any CPU
		{8EB8FD4F-D904-4862-8A8A-6996B4A0DCC6}.Release|Any CPU.ActiveCfg = Release|Any CPU
		{8EB8FD4F-D904-4862-8A8A-6996B4A0DCC6}.Release|Any CPU.Build.0 = Release|Any CPU
		{8EB8FD4F-D904-4862-8A8A-6996B4A0DCC6}.Release|x64.ActiveCfg = Release|Any CPU
		{8EB8FD4F-D904-4862-8A8A-6996B4A0DCC6}.Release|x64.Build.0 = Release|Any CPU
		{8EB8FD4F-D904-4862-8A8A-6996B4A0DCC6}.Release|x86.ActiveCfg = Release|Any CPU
		{8EB8FD4F-D904-4862-8A8A-6996B4A0DCC6}.Release|x86.Build.0 = Release|Any CPU
		{5626DF41-8C15-4DE7-85A4-CDF04D1A5500}.Debug|Any CPU.ActiveCfg = Debug|Any CPU
		{5626DF41-8C15-4DE7-85A4-CDF04D1A5500}.Debug|Any CPU.Build.0 = Debug|Any CPU
		{5626DF41-8C15-4DE7-85A4-CDF04D1A5500}.Debug|x64.ActiveCfg = Debug|Any CPU
		{5626DF41-8C15-4DE7-85A4-CDF04D1A5500}.Debug|x64.Build.0 = Debug|Any CPU
		{5626DF41-8C15-4DE7-85A4-CDF04D1A5500}.Debug|x86.ActiveCfg = Debug|Any CPU
		{5626DF41-8C15-4DE7-85A4-CDF04D1A5500}.Debug|x86.Build.0 = Debug|Any CPU
		{5626DF41-8C15-4DE7-85A4-CDF04D1A5500}.Release|Any CPU.ActiveCfg = Release|Any CPU
		{5626DF41-8C15-4DE7-85A4-CDF04D1A5500}.Release|Any CPU.Build.0 = Release|Any CPU
		{5626DF41-8C15-4DE7-85A4-CDF04D1A5500}.Release|x64.ActiveCfg = Release|Any CPU
		{5626DF41-8C15-4DE7-85A4-CDF04D1A5500}.Release|x64.Build.0 = Release|Any CPU
		{5626DF41-8C15-4DE7-85A4-CDF04D1A5500}.Release|x86.ActiveCfg = Release|Any CPU
		{5626DF41-8C15-4DE7-85A4-CDF04D1A5500}.Release|x86.Build.0 = Release|Any CPU
	EndGlobalSection
	GlobalSection(SolutionProperties) = preSolution
		HideSolutionNode = FALSE
	EndGlobalSection
	GlobalSection(ExtensibilityGlobals) = postSolution
		SolutionGuid = {45F5886F-E0A7-4545-BF95-7BD2B210507C}
	EndGlobalSection
EndGlobal
