
Microsoft Visual Studio Solution File, Format Version 12.00
# Visual Studio 15
Project("{FAE04EC0-301F-11D3-BF4B-00C04F79EFBC}") = "Atomex.Client.Core", "Atomex.Client.Core.csproj", "{D9118E73-5DBD-4843-8C51-04FABA821439}"
EndProject
Global
	GlobalSection(SolutionConfigurationPlatforms) = preSolution
		Debug|Any CPU = Debug|Any CPU
		Release|Any CPU = Release|Any CPU
	EndGlobalSection
	GlobalSection(ProjectConfigurationPlatforms) = postSolution
		{D9118E73-5DBD-4843-8C51-04FABA821439}.Debug|Any CPU.ActiveCfg = Debug|Any CPU
		{D9118E73-5DBD-4843-8C51-04FABA821439}.Debug|Any CPU.Build.0 = Debug|Any CPU
		{D9118E73-5DBD-4843-8C51-04FABA821439}.Release|Any CPU.ActiveCfg = Release|Any CPU
		{D9118E73-5DBD-4843-8C51-04FABA821439}.Release|Any CPU.Build.0 = Release|Any CPU
	EndGlobalSection
EndGlobal
